# THIS IS AN AUTOGENERATED FILE. DO NOT EDIT THIS FILE DIRECTLY.
# yarn lockfile v1


"@vant/weapp@^1.5.1":
  version "1.5.1"
  resolved "https://registry.yarnpkg.com/@vant/weapp/-/weapp-1.5.1.tgz#71049153e66e4cd5ccd42a1338fab472e5a5244b"
  integrity sha512-rfaZy8oW+yE/hz2EK2hwS3eTWXPcddJ+/j7GCHd4+GOlSJuXzk6xpM63ARAWWe+EUQrXqGXl7ssOHdqK3Z9Ejg==

linq@^3.2.3:
  version "3.2.3"
  resolved "https://registry.yarnpkg.com/linq/-/linq-3.2.3.tgz#5d9fd6da4e89742d4c447e3d657e74cb254e339d"
  integrity sha512-OI48ncDVi29Hc4g5+hPd58AkI8YtLUFkZWWvvyC+w1+j8PsDi28tLZnbv3+8PvxSiJUEQDihkQjrIrPkFzEFqQ==
